{
  "name": "@openscratch/note-deploy-cloudflare",
  "version": "1.0.0",
  "lockfileVersion": 3,
  "requires": true,
  "packages": {
    "": {
      "name": "@openscratch/note-deploy-cloudflare",
      "version": "1.0.0",
      "license": "Apache-2.0",
      "dependencies": {
        "@openscratch/note-deploy-cloudflare": "file:"
      }
    },
    "node_modules/@openscratch/note-deploy-cloudflare": {
      "resolved": "",
      "link": true
    }
  }
}
