{
  "name": "@openscratch/note-cli",
  "version": "1.0.0",
  "lockfileVersion": 3,
  "requires": true,
  "packages": {
    "": {
      "name": "@openscratch/note-cli",
      "version": "1.0.0",
      "license": "Apache-2.0",
      "dependencies": {
        "@openscratch/note-cli": "file:"
      },
      "bin": {
        "osnote": "bin/osnote.mjs"
      }
    },
    "node_modules/@openscratch/note-cli": {
      "resolved": "",
      "link": true
    }
  }
}
